
Microsoft Visual Studio Solution File, Format Version 12.00
# Visual Studio Version 17
VisualStudioVersion = 17.5.33502.453
MinimumVisualStudioVersion = 10.0.40219.1
Project("{FAE04EC0-301F-11D3-BF4B-00C04F79EFBC}") = "ModuleSixteen", "ModuleSixteen\ModuleSixteen.csproj", "{C4732102-D7EE-4CC6-8E87-D533EDCF94E4}"
EndProject
Project("{FAE04EC0-301F-11D3-BF4B-00C04F79EFBC}") = "Calculator.Tests", "Calculator.Tests\Calculator.Tests.csproj", "{48163E9F-95B0-4B82-9396-D420ABDCC786}"
EndProject
Global
	GlobalSection(SolutionConfigurationPlatforms) = preSolution
		Debug|Any CPU = Debug|Any CPU
		Release|Any CPU = Release|Any CPU
	EndGlobalSection
	GlobalSection(ProjectConfigurationPlatforms) = postSolution
		{C4732102-D7EE-4CC6-8E87-D533EDCF94E4}.Debug|Any CPU.ActiveCfg = Debug|Any CPU
		{C4732102-D7EE-4CC6-8E87-D533EDCF94E4}.Debug|Any CPU.Build.0 = Debug|Any CPU
		{C4732102-D7EE-4CC6-8E87-D533EDCF94E4}.Release|Any CPU.ActiveCfg = Release|Any CPU
		{C4732102-D7EE-4CC6-8E87-D533EDCF94E4}.Release|Any CPU.Build.0 = Release|Any CPU
		{48163E9F-95B0-4B82-9396-D420ABDCC786}.Debug|Any CPU.ActiveCfg = Debug|Any CPU
		{48163E9F-95B0-4B82-9396-D420ABDCC786}.Debug|Any CPU.Build.0 = Debug|Any CPU
		{48163E9F-95B0-4B82-9396-D420ABDCC786}.Release|Any CPU.ActiveCfg = Release|Any CPU
		{48163E9F-95B0-4B82-9396-D420ABDCC786}.Release|Any CPU.Build.0 = Release|Any CPU
	EndGlobalSection
	GlobalSection(SolutionProperties) = preSolution
		HideSolutionNode = FALSE
	EndGlobalSection
	GlobalSection(ExtensibilityGlobals) = postSolution
		SolutionGuid = {6C38E6D3-09D4-4F55-AA22-95AD612CAEB8}
	EndGlobalSection
EndGlobal
